// !$*UTF8*$!
{
	archiveVersion = 1;
	classes = {
	};
	objectVersion = 55;
	objects = {

/* Begin PBXBuildFile section */
		6000CE0F28AC1BB90065E75A /* AppDelegate.swift in Sources */ = {isa = PBXBuildFile; fileRef = 6000CE0E28AC1BB90065E75A /* AppDelegate.swift */; };
		6000CE1128AC1BB90065E75A /* SceneDelegate.swift in Sources */ = {isa = PBXBuildFile; fileRef = 6000CE1028AC1BB90065E75A /* SceneDelegate.swift */; };
		6000CE1328AC1BBA0065E75A /* ListaContactosViewController.swift in Sources */ = {isa = PBXBuildFile; fileRef = 6000CE1228AC1BB90065E75A /* ListaContactosViewController.swift */; };
		6000CE1628AC1BBA0065E75A /* Main.storyboard in Resources */ = {isa = PBXBuildFile; fileRef = 6000CE1428AC1BBA0065E75A /* Main.storyboard */; };
		6000CE1928AC1BBA0065E75A /* Contactoscfe.xcdatamodeld in Sources */ = {isa = PBXBuildFile; fileRef = 6000CE1728AC1BBA0065E75A /* Contactoscfe.xcdatamodeld */; };
		6000CE1B28AC1BBC0065E75A /* Assets.xcassets in Resources */ = {isa = PBXBuildFile; fileRef = 6000CE1A28AC1BBC0065E75A /* Assets.xcassets */; };
		6000CE1E28AC1BBC0065E75A /* LaunchScreen.storyboard in Resources */ = {isa = PBXBuildFile; fileRef = 6000CE1C28AC1BBC0065E75A /* LaunchScreen.storyboard */; };
		6000CE2628AC1C0D0065E75A /* EditarViewController.swift in Sources */ = {isa = PBXBuildFile; fileRef = 6000CE2528AC1C0D0065E75A /* EditarViewController.swift */; };
		60576C4028AD4C4800B57956 /* TableViewCell.swift in Sources */ = {isa = PBXBuildFile; fileRef = 60576C3E28AD4C4800B57956 /* TableViewCell.swift */; };
		60576C4128AD4C4800B57956 /* TableViewCell.xib in Resources */ = {isa = PBXBuildFile; fileRef = 60576C3F28AD4C4800B57956 /* TableViewCell.xib */; };
		6C34E19B291F2B76006CA32B /* MapaViewController.swift in Sources */ = {isa = PBXBuildFile; fileRef = 6C34E19A291F2B76006CA32B /* MapaViewController.swift */; };
/* End PBXBuildFile section */

/* Begin PBXFileReference section */
		6000CE0B28AC1BB90065E75A /* Contactoscfe.app */ = {isa = PBXFileReference; explicitFileType = wrapper.application; includeInIndex = 0; path = Contactoscfe.app; sourceTree = BUILT_PRODUCTS_DIR; };
		6000CE0E28AC1BB90065E75A /* AppDelegate.swift */ = {isa = PBXFileReference; lastKnownFileType = sourcecode.swift; path = AppDelegate.swift; sourceTree = "<group>"; };
		6000CE1028AC1BB90065E75A /* SceneDelegate.swift */ = {isa = PBXFileReference; lastKnownFileType = sourcecode.swift; path = SceneDelegate.swift; sourceTree = "<group>"; };
		6000CE1228AC1BB90065E75A /* ListaContactosViewController.swift */ = {isa = PBXFileReference; lastKnownFileType = sourcecode.swift; path = ListaContactosViewController.swift; sourceTree = "<group>"; };
		6000CE1528AC1BBA0065E75A /* Base */ = {isa = PBXFileReference; lastKnownFileType = file.storyboard; name = Base; path = Base.lproj/Main.storyboard; sourceTree = "<group>"; };
		6000CE1828AC1BBA0065E75A /* Contactoscfe.xcdatamodel */ = {isa = PBXFileReference; lastKnownFileType = wrapper.xcdatamodel; path = Contactoscfe.xcdatamodel; sourceTree = "<group>"; };
		6000CE1A28AC1BBC0065E75A /* Assets.xcassets */ = {isa = PBXFileReference; lastKnownFileType = folder.assetcatalog; path = Assets.xcassets; sourceTree = "<group>"; };
		6000CE1D28AC1BBC0065E75A /* Base */ = {isa = PBXFileReference; lastKnownFileType = file.storyboard; name = Base; path = Base.lproj/LaunchScreen.storyboard; sourceTree = "<group>"; };
		6000CE1F28AC1BBC0065E75A /* Info.plist */ = {isa = PBXFileReference; lastKnownFileType = text.plist.xml; path = Info.plist; sourceTree = "<group>"; };
		6000CE2528AC1C0D0065E75A /* EditarViewController.swift */ = {isa = PBXFileReference; lastKnownFileType = sourcecode.swift; path = EditarViewController.swift; sourceTree = "<group>"; };
		60576C3E28AD4C4800B57956 /* TableViewCell.swift */ = {isa = PBXFileReference; lastKnownFileType = sourcecode.swift; path = TableViewCell.swift; sourceTree = "<group>"; };
		60576C3F28AD4C4800B57956 /* TableViewCell.xib */ = {isa = PBXFileReference; lastKnownFileType = file.xib; path = TableViewCell.xib; sourceTree = "<group>"; };
		6C34E19A291F2B76006CA32B /* MapaViewController.swift */ = {isa = PBXFileReference; lastKnownFileType = sourcecode.swift; path = MapaViewController.swift; sourceTree = "<group>"; };
/* End PBXFileReference section */

/* Begin PBXFrameworksBuildPhase section */
		6000CE0828AC1BB90065E75A /* Frameworks */ = {
			isa = PBXFrameworksBuildPhase;
			buildActionMask = 2147483647;
			files = (
			);
			runOnlyForDeploymentPostprocessing = 0;
		};
/* End PBXFrameworksBuildPhase section */

/* Begin PBXGroup section */
		6000CE0228AC1BB90065E75A = {
			isa = PBXGroup;
			children = (
				6000CE0D28AC1BB90065E75A /* Contactoscfe */,
				6000CE0C28AC1BB90065E75A /* Products */,
			);
			sourceTree = "<group>";
		};
		6000CE0C28AC1BB90065E75A /* Products */ = {
			isa = PBXGroup;
			children = (
				6000CE0B28AC1BB90065E75A /* Contactoscfe.app */,
			);
			name = Products;
			sourceTree = "<group>";
		};
		6000CE0D28AC1BB90065E75A /* Contactoscfe */ = {
			isa = PBXGroup;
			children = (
				6000CE0E28AC1BB90065E75A /* AppDelegate.swift */,
				6000CE1028AC1BB90065E75A /* SceneDelegate.swift */,
				6000CE1228AC1BB90065E75A /* ListaContactosViewController.swift */,
				6000CE1428AC1BBA0065E75A /* Main.storyboard */,
				6000CE1A28AC1BBC0065E75A /* Assets.xcassets */,
				6000CE1C28AC1BBC0065E75A /* LaunchScreen.storyboard */,
				6000CE1F28AC1BBC0065E75A /* Info.plist */,
				6000CE1728AC1BBA0065E75A /* Contactoscfe.xcdatamodeld */,
				6000CE2528AC1C0D0065E75A /* EditarViewController.swift */,
				60576C3E28AD4C4800B57956 /* TableViewCell.swift */,
				60576C3F28AD4C4800B57956 /* TableViewCell.xib */,
				6C34E19A291F2B76006CA32B /* MapaViewController.swift */,
			);
			path = Contactoscfe;
			sourceTree = "<group>";
		};
/* End PBXGroup section */

/* Begin PBXNativeTarget section */
		6000CE0A28AC1BB90065E75A /* Contactoscfe */ = {
			isa = PBXNativeTarget;
			buildConfigurationList = 6000CE2228AC1BBC0065E75A /* Build configuration list for PBXNativeTarget "Contactoscfe" */;
			buildPhases = (
				6000CE0728AC1BB90065E75A /* Sources */,
				6000CE0828AC1BB90065E75A /* Frameworks */,
				6000CE0928AC1BB90065E75A /* Resources */,
			);
			buildRules = (
			);
			dependencies = (
			);
			name = Contactoscfe;
			productName = Contactoscfe;
			productReference = 6000CE0B28AC1BB90065E75A /* Contactoscfe.app */;
			productType = "com.apple.product-type.application";
		};
/* End PBXNativeTarget section */

/* Begin PBXProject section */
		6000CE0328AC1BB90065E75A /* Project object */ = {
			isa = PBXProject;
			attributes = {
				BuildIndependentTargetsInParallel = 1;
				LastSwiftUpdateCheck = 1340;
				LastUpgradeCheck = 1340;
				TargetAttributes = {
					6000CE0A28AC1BB90065E75A = {
						CreatedOnToolsVersion = 13.4.1;
					};
				};
			};
			buildConfigurationList = 6000CE0628AC1BB90065E75A /* Build configuration list for PBXProject "Contactoscfe" */;
			compatibilityVersion = "Xcode 13.0";
			developmentRegion = en;
			hasScannedForEncodings = 0;
			knownRegions = (
				en,
				Base,
			);
			mainGroup = 6000CE0228AC1BB90065E75A;
			productRefGroup = 6000CE0C28AC1BB90065E75A /* Products */;
			projectDirPath = "";
			projectRoot = "";
			targets = (
				6000CE0A28AC1BB90065E75A /* Contactoscfe */,
			);
		};
/* End PBXProject section */

/* Begin PBXResourcesBuildPhase section */
		6000CE0928AC1BB90065E75A /* Resources */ = {
			isa = PBXResourcesBuildPhase;
			buildActionMask = 2147483647;
			files = (
				6000CE1E28AC1BBC0065E75A /* LaunchScreen.storyboard in Resources */,
				60576C4128AD4C4800B57956 /* TableViewCell.xib in Resources */,
				6000CE1B28AC1BBC0065E75A /* Assets.xcassets in Resources */,
				6000CE1628AC1BBA0065E75A /* Main.storyboard in Resources */,
			);
			runOnlyForDeploymentPostprocessing = 0;
		};
/* End PBXResourcesBuildPhase section */

/* Begin PBXSourcesBuildPhase section */
		6000CE0728AC1BB90065E75A /* Sources */ = {
			isa = PBXSourcesBuildPhase;
			buildActionMask = 2147483647;
			files = (
				6000CE2628AC1C0D0065E75A /* EditarViewController.swift in Sources */,
				6000CE1328AC1BBA0065E75A /* ListaContactosViewController.swift in Sources */,
				6000CE1928AC1BBA0065E75A /* Contactoscfe.xcdatamodeld in Sources */,
				60576C4028AD4C4800B57956 /* TableViewCell.swift in Sources */,
				6C34E19B291F2B76006CA32B /* MapaViewController.swift in Sources */,
				6000CE0F28AC1BB90065E75A /* AppDelegate.swift in Sources */,
				6000CE1128AC1BB90065E75A /* SceneDelegate.swift in Sources */,
			);
			runOnlyForDeploymentPostprocessing = 0;
		};
/* End PBXSourcesBuildPhase section */

/* Begin PBXVariantGroup section */
		6000CE1428AC1BBA0065E75A /* Main.storyboard */ = {
			isa = PBXVariantGroup;
			children = (
				6000CE1528AC1BBA0065E75A /* Base */,
			);
			name = Main.storyboard;
			sourceTree = "<group>";
		};
		6000CE1C28AC1BBC0065E75A /* LaunchScreen.storyboard */ = {
			isa = PBXVariantGroup;
			children = (
				6000CE1D28AC1BBC0065E75A /* Base */,
			);
			name = LaunchScreen.storyboard;
			sourceTree = "<group>";
		};
/* End PBXVariantGroup section */

/* Begin XCBuildConfiguration section */
		6000CE2028AC1BBC0065E75A /* Debug */ = {
			isa = XCBuildConfiguration;
			buildSettings = {
				ALWAYS_SEARCH_USER_PATHS = NO;
				CLANG_ANALYZER_NONNULL = YES;
				CLANG_ANALYZER_NUMBER_OBJECT_CONVERSION = YES_AGGRESSIVE;
				CLANG_CXX_LANGUAGE_STANDARD = "gnu++17";
				CLANG_ENABLE_MODULES = YES;
				CLANG_ENABLE_OBJC_ARC = YES;
				CLANG_ENABLE_OBJC_WEAK = YES;
				CLANG_WARN_BLOCK_CAPTURE_AUTORELEASING = YES;
				CLANG_WARN_BOOL_CONVERSION = YES;
				CLANG_WARN_COMMA = YES;
				CLANG_WARN_CONSTANT_CONVERSION = YES;
				CLANG_WARN_DEPRECATED_OBJC_IMPLEMENTATIONS = YES;
				CLANG_WARN_DIRECT_OBJC_ISA_USAGE = YES_ERROR;
				CLANG_WARN_DOCUMENTATION_COMMENTS = YES;
				CLANG_WARN_EMPTY_BODY = YES;
				CLANG_WARN_ENUM_CONVERSION = YES;
				CLANG_WARN_INFINITE_RECURSION = YES;
				CLANG_WARN_INT_CONVERSION = YES;
				CLANG_WARN_NON_LITERAL_NULL_CONVERSION = YES;
				CLANG_WARN_OBJC_IMPLICIT_RETAIN_SELF = YES;
				CLANG_WARN_OBJC_LITERAL_CONVERSION = YES;
				CLANG_WARN_OBJC_ROOT_CLASS = YES_ERROR;
				CLANG_WARN_QUOTED_INCLUDE_IN_FRAMEWORK_HEADER = YES;
				CLANG_WARN_RANGE_LOOP_ANALYSIS = YES;
				CLANG_WARN_STRICT_PROTOTYPES = YES;
				CLANG_WARN_SUSPICIOUS_MOVE = YES;
				CLANG_WARN_UNGUARDED_AVAILABILITY = YES_AGGRESSIVE;
				CLANG_WARN_UNREACHABLE_CODE = YES;
				CLANG_WARN__DUPLICATE_METHOD_MATCH = YES;
				COPY_PHASE_STRIP = NO;
				DEBUG_INFORMATION_FORMAT = dwarf;
				ENABLE_STRICT_OBJC_MSGSEND = YES;
				ENABLE_TESTABILITY = YES;
				GCC_C_LANGUAGE_STANDARD = gnu11;
				GCC_DYNAMIC_NO_PIC = NO;
				GCC_NO_COMMON_BLOCKS = YES;
				GCC_OPTIMIZATION_LEVEL = 0;
				GCC_PREPROCESSOR_DEFINITIONS = (
					"DEBUG=1",
					"$(inherited)",
				);
				GCC_WARN_64_TO_32_BIT_CONVERSION = YES;
				GCC_WARN_ABOUT_RETURN_TYPE = YES_ERROR;
				GCC_WARN_UNDECLARED_SELECTOR = YES;
				GCC_WARN_UNINITIALIZED_AUTOS = YES_AGGRESSIVE;
				GCC_WARN_UNUSED_FUNCTION = YES;
				GCC_WARN_UNUSED_VARIABLE = YES;
				IPHONEOS_DEPLOYMENT_TARGET = 15.5;
				MTL_ENABLE_DEBUG_INFO = INCLUDE_SOURCE;
				MTL_FAST_MATH = YES;
				ONLY_ACTIVE_ARCH = YES;
				SDKROOT = iphoneos;
				SWIFT_ACTIVE_COMPILATION_CONDITIONS = DEBUG;
				SWIFT_OPTIMIZATION_LEVEL = "-Onone";
			};
			name = Debug;
		};
		6000CE2128AC1BBC0065E75A /* Release */ = {
			isa = XCBuildConfiguration;
			buildSettings = {
				ALWAYS_SEARCH_USER_PATHS = NO;
				CLANG_ANALYZER_NONNULL = YES;
				CLANG_ANALYZER_NUMBER_OBJECT_CONVERSION = YES_AGGRESSIVE;
				CLANG_CXX_LANGUAGE_STANDARD = "gnu++17";
				CLANG_ENABLE_MODULES = YES;
				CLANG_ENABLE_OBJC_ARC = YES;
				CLANG_ENABLE_OBJC_WEAK = YES;
				CLANG_WARN_BLOCK_CAPTURE_AUTORELEASING = YES;
				CLANG_WARN_BOOL_CONVERSION = YES;
				CLANG_WARN_COMMA = YES;
				CLANG_WARN_CONSTANT_CONVERSION = YES;
				CLANG_WARN_DEPRECATED_OBJC_IMPLEMENTATIONS = YES;
				CLANG_WARN_DIRECT_OBJC_ISA_USAGE = YES_ERROR;
				CLANG_WARN_DOCUMENTATION_COMMENTS = YES;
				CLANG_WARN_EMPTY_BODY = YES;
				CLANG_WARN_ENUM_CONVERSION = YES;
				CLANG_WARN_INFINITE_RECURSION = YES;
				CLANG_WARN_INT_CONVERSION = YES;
				CLANG_WARN_NON_LITERAL_NULL_CONVERSION = YES;
				CLANG_WARN_OBJC_IMPLICIT_RETAIN_SELF = YES;
				CLANG_WARN_OBJC_LITERAL_CONVERSION = YES;
				CLANG_WARN_OBJC_ROOT_CLASS = YES_ERROR;
				CLANG_WARN_QUOTED_INCLUDE_IN_FRAMEWORK_HEADER = YES;
				CLANG_WARN_RANGE_LOOP_ANALYSIS = YES;
				CLANG_WARN_STRICT_PROTOTYPES = YES;
				CLANG_WARN_SUSPICIOUS_MOVE = YES;
				CLANG_WARN_UNGUARDED_AVAILABILITY = YES_AGGRESSIVE;
				CLANG_WARN_UNREACHABLE_CODE = YES;
				CLANG_WARN__DUPLICATE_METHOD_MATCH = YES;
				COPY_PHASE_STRIP = NO;
				DEBUG_INFORMATION_FORMAT = "dwarf-with-dsym";
				ENABLE_NS_ASSERTIONS = NO;
				ENABLE_STRICT_OBJC_MSGSEND = YES;
				GCC_C_LANGUAGE_STANDARD = gnu11;
				GCC_NO_COMMON_BLOCKS = YES;
				GCC_WARN_64_TO_32_BIT_CONVERSION = YES;
				GCC_WARN_ABOUT_RETURN_TYPE = YES_ERROR;
				GCC_WARN_UNDECLARED_SELECTOR = YES;
				GCC_WARN_UNINITIALIZED_AUTOS = YES_AGGRESSIVE;
				GCC_WARN_UNUSED_FUNCTION = YES;
				GCC_WARN_UNUSED_VARIABLE = YES;
				IPHONEOS_DEPLOYMENT_TARGET = 15.5;
				MTL_ENABLE_DEBUG_INFO = NO;
				MTL_FAST_MATH = YES;
				SDKROOT = iphoneos;
				SWIFT_COMPILATION_MODE = wholemodule;
				SWIFT_OPTIMIZATION_LEVEL = "-O";
				VALIDATE_PRODUCT = YES;
			};
			name = Release;
		};
		6000CE2328AC1BBC0065E75A /* Debug */ = {
			isa = XCBuildConfiguration;
			buildSettings = {
				ASSETCATALOG_COMPILER_APPICON_NAME = AppIcon;
				ASSETCATALOG_COMPILER_GLOBAL_ACCENT_COLOR_NAME = AccentColor;
				CODE_SIGN_STYLE = Automatic;
				CURRENT_PROJECT_VERSION = 1;
				DEVELOPMENT_TEAM = 345UR7Z9A7;
				GENERATE_INFOPLIST_FILE = YES;
				INFOPLIST_FILE = Contactoscfe/Info.plist;
				INFOPLIST_KEY_UIApplicationSupportsIndirectInputEvents = YES;
				INFOPLIST_KEY_UILaunchStoryboardName = LaunchScreen;
				INFOPLIST_KEY_UIMainStoryboardFile = Main;
				INFOPLIST_KEY_UISupportedInterfaceOrientations_iPad = "UIInterfaceOrientationPortrait UIInterfaceOrientationPortraitUpsideDown UIInterfaceOrientationLandscapeLeft UIInterfaceOrientationLandscapeRight";
				INFOPLIST_KEY_UISupportedInterfaceOrientations_iPhone = "UIInterfaceOrientationPortrait UIInterfaceOrientationLandscapeLeft UIInterfaceOrientationLandscapeRight";
				LD_RUNPATH_SEARCH_PATHS = (
					"$(inherited)",
					"@executable_path/Frameworks",
				);
				MARKETING_VERSION = 1.0;
				PRODUCT_BUNDLE_IDENTIFIER = com.rotadev.Contactoscfe;
				PRODUCT_NAME = "$(TARGET_NAME)";
				SWIFT_EMIT_LOC_STRINGS = YES;
				SWIFT_VERSION = 5.0;
				TARGETED_DEVICE_FAMILY = "1,2";
			};
			name = Debug;
		};
		6000CE2428AC1BBC0065E75A /* Release */ = {
			isa = XCBuildConfiguration;
			buildSettings = {
				ASSETCATALOG_COMPILER_APPICON_NAME = AppIcon;
				ASSETCATALOG_COMPILER_GLOBAL_ACCENT_COLOR_NAME = AccentColor;
				CODE_SIGN_STYLE = Automatic;
				CURRENT_PROJECT_VERSION = 1;
				DEVELOPMENT_TEAM = 345UR7Z9A7;
				GENERATE_INFOPLIST_FILE = YES;
				INFOPLIST_FILE = Contactoscfe/Info.plist;
				INFOPLIST_KEY_UIApplicationSupportsIndirectInputEvents = YES;
				INFOPLIST_KEY_UILaunchStoryboardName = LaunchScreen;
				INFOPLIST_KEY_UIMainStoryboardFile = Main;
				INFOPLIST_KEY_UISupportedInterfaceOrientations_iPad = "UIInterfaceOrientationPortrait UIInterfaceOrientationPortraitUpsideDown UIInterfaceOrientationLandscapeLeft UIInterfaceOrientationLandscapeRight";
				INFOPLIST_KEY_UISupportedInterfaceOrientations_iPhone = "UIInterfaceOrientationPortrait UIInterfaceOrientationLandscapeLeft UIInterfaceOrientationLandscapeRight";
				LD_RUNPATH_SEARCH_PATHS = (
					"$(inherited)",
					"@executable_path/Frameworks",
				);
				MARKETING_VERSION = 1.0;
				PRODUCT_BUNDLE_IDENTIFIER = com.rotadev.Contactoscfe;
				PRODUCT_NAME = "$(TARGET_NAME)";
				SWIFT_EMIT_LOC_STRINGS = YES;
				SWIFT_VERSION = 5.0;
				TARGETED_DEVICE_FAMILY = "1,2";
			};
			name = Release;
		};
/* End XCBuildConfiguration section */

/* Begin XCConfigurationList section */
		6000CE0628AC1BB90065E75A /* Build configuration list for PBXProject "Contactoscfe" */ = {
			isa = XCConfigurationList;
			buildConfigurations = (
				6000CE2028AC1BBC0065E75A /* Debug */,
				6000CE2128AC1BBC0065E75A /* Release */,
			);
			defaultConfigurationIsVisible = 0;
			defaultConfigurationName = Release;
		};
		6000CE2228AC1BBC0065E75A /* Build configuration list for PBXNativeTarget "Contactoscfe" */ = {
			isa = XCConfigurationList;
			buildConfigurations = (
				6000CE2328AC1BBC0065E75A /* Debug */,
				6000CE2428AC1BBC0065E75A /* Release */,
			);
			defaultConfigurationIsVisible = 0;
			defaultConfigurationName = Release;
		};
/* End XCConfigurationList section */

/* Begin XCVersionGroup section */
		6000CE1728AC1BBA0065E75A /* Contactoscfe.xcdatamodeld */ = {
			isa = XCVersionGroup;
			children = (
				6000CE1828AC1BBA0065E75A /* Contactoscfe.xcdatamodel */,
			);
			currentVersion = 6000CE1828AC1BBA0065E75A /* Contactoscfe.xcdatamodel */;
			path = Contactoscfe.xcdatamodeld;
			sourceTree = "<group>";
			versionGroupType = wrapper.xcdatamodel;
		};
/* End XCVersionGroup section */
	};
	rootObject = 6000CE0328AC1BB90065E75A /* Project object */;
}
